
Microsoft Visual Studio Solution File, Format Version 12.00
# Visual Studio Version 16
VisualStudioVersion = 16.0.32413.511
MinimumVisualStudioVersion = 10.0.40219.1
Project("{FAE04EC0-301F-11D3-BF4B-00C04F79EFBC}") = "Orders From Above", "Orders From Above.csproj", "{3423BDC3-86B9-4F6C-8F16-D9E96E1630F4}"
EndProject
Global
	GlobalSection(SolutionConfigurationPlatforms) = preSolution
		Debug|x64 = Debug|x64
		Release|x64 = Release|x64
	EndGlobalSection
	GlobalSection(ProjectConfigurationPlatforms) = postSolution
		{3423BDC3-86B9-4F6C-8F16-D9E96E1630F4}.Debug|x64.ActiveCfg = Debug|x64
		{3423BDC3-86B9-4F6C-8F16-D9E96E1630F4}.Debug|x64.Build.0 = Debug|x64
		{3423BDC3-86B9-4F6C-8F16-D9E96E1630F4}.Release|x64.ActiveCfg = Release|x64
		{3423BDC3-86B9-4F6C-8F16-D9E96E1630F4}.Release|x64.Build.0 = Release|x64
	EndGlobalSection
	GlobalSection(SolutionProperties) = preSolution
		HideSolutionNode = FALSE
	EndGlobalSection
	GlobalSection(ExtensibilityGlobals) = postSolution
		SolutionGuid = {273A5F81-2609-48FA-A905-FFB9CC8A95D6}
	EndGlobalSection
EndGlobal
